
Microsoft Visual Studio Solution File, Format Version 12.00
Project("{FAE04EC0-301F-11D3-BF4B-00C04F79EFBC}") = "MatchMaking.Service", "src\MatchMaking.Service\MatchMaking.Service.csproj", "{673BBEEA-7333-4523-922C-0A61FFD031BC}"
EndProject
Project("{FAE04EC0-301F-11D3-BF4B-00C04F79EFBC}") = "MatchMaking.Worker", "src\MatchMaking.Worker\MatchMaking.Worker.csproj", "{E7D92D8F-8E71-4635-A74D-C71B631D2DD4}"
EndProject
Project("{FAE04EC0-301F-11D3-BF4B-00C04F79EFBC}") = "MatchMaking.Common", "src\MatchMaking.Common\MatchMaking.Common.csproj", "{9EBED51E-F605-44F4-871A-DAD4B3682BBC}"
EndProject
Project("{FAE04EC0-301F-11D3-BF4B-00C04F79EFBC}") = "MatchMaking.Worker.BL", "src\MatchMaking.Worker.BL\MatchMaking.Worker.BL.csproj", "{93C4FE15-529C-4C71-9172-1EFD8262F8E6}"
EndProject
Project("{FAE04EC0-301F-11D3-BF4B-00C04F79EFBC}") = "MatchMaking.Service.BL", "src\MatchMaking.Service.BL\MatchMaking.Service.BL.csproj", "{AB075110-5C6D-442F-BDAF-2277E7D30F18}"
EndProject
Global
	GlobalSection(SolutionConfigurationPlatforms) = preSolution
		Debug|Any CPU = Debug|Any CPU
		Release|Any CPU = Release|Any CPU
	EndGlobalSection
	GlobalSection(ProjectConfigurationPlatforms) = postSolution
		{673BBEEA-7333-4523-922C-0A61FFD031BC}.Debug|Any CPU.ActiveCfg = Debug|Any CPU
		{673BBEEA-7333-4523-922C-0A61FFD031BC}.Debug|Any CPU.Build.0 = Debug|Any CPU
		{673BBEEA-7333-4523-922C-0A61FFD031BC}.Release|Any CPU.ActiveCfg = Release|Any CPU
		{673BBEEA-7333-4523-922C-0A61FFD031BC}.Release|Any CPU.Build.0 = Release|Any CPU
		{E7D92D8F-8E71-4635-A74D-C71B631D2DD4}.Debug|Any CPU.ActiveCfg = Debug|Any CPU
		{E7D92D8F-8E71-4635-A74D-C71B631D2DD4}.Debug|Any CPU.Build.0 = Debug|Any CPU
		{E7D92D8F-8E71-4635-A74D-C71B631D2DD4}.Release|Any CPU.ActiveCfg = Release|Any CPU
		{E7D92D8F-8E71-4635-A74D-C71B631D2DD4}.Release|Any CPU.Build.0 = Release|Any CPU
		{9EBED51E-F605-44F4-871A-DAD4B3682BBC}.Debug|Any CPU.ActiveCfg = Debug|Any CPU
		{9EBED51E-F605-44F4-871A-DAD4B3682BBC}.Debug|Any CPU.Build.0 = Debug|Any CPU
		{9EBED51E-F605-44F4-871A-DAD4B3682BBC}.Release|Any CPU.ActiveCfg = Release|Any CPU
		{9EBED51E-F605-44F4-871A-DAD4B3682BBC}.Release|Any CPU.Build.0 = Release|Any CPU
		{93C4FE15-529C-4C71-9172-1EFD8262F8E6}.Debug|Any CPU.ActiveCfg = Debug|Any CPU
		{93C4FE15-529C-4C71-9172-1EFD8262F8E6}.Debug|Any CPU.Build.0 = Debug|Any CPU
		{93C4FE15-529C-4C71-9172-1EFD8262F8E6}.Release|Any CPU.ActiveCfg = Release|Any CPU
		{93C4FE15-529C-4C71-9172-1EFD8262F8E6}.Release|Any CPU.Build.0 = Release|Any CPU
		{AB075110-5C6D-442F-BDAF-2277E7D30F18}.Debug|Any CPU.ActiveCfg = Debug|Any CPU
		{AB075110-5C6D-442F-BDAF-2277E7D30F18}.Debug|Any CPU.Build.0 = Debug|Any CPU
		{AB075110-5C6D-442F-BDAF-2277E7D30F18}.Release|Any CPU.ActiveCfg = Release|Any CPU
		{AB075110-5C6D-442F-BDAF-2277E7D30F18}.Release|Any CPU.Build.0 = Release|Any CPU
	EndGlobalSection
EndGlobal
